
Microsoft Visual Studio Solution File, Format Version 12.00
# Visual Studio 15
VisualStudioVersion = 15.0.26730.16
MinimumVisualStudioVersion = 10.0.40219.1
Project("{FAE04EC0-301F-11D3-BF4B-00C04F79EFBC}") = "FacebookNativeLogin", "FacebookNativeLogin\FacebookNativeLogin\FacebookNativeLogin.csproj", "{E92DED61-E6B1-44B0-BD87-F40418716842}"
EndProject
Project("{FAE04EC0-301F-11D3-BF4B-00C04F79EFBC}") = "FacebookNativeLogin.Droid", "FacebookNativeLogin\FacebookNativeLogin.Droid\FacebookNativeLogin.Droid.csproj", "{1ECDCEE2-CC8A-4C46-A6B8-7D88F30483DF}"
EndProject
Project("{FAE04EC0-301F-11D3-BF4B-00C04F79EFBC}") = "FacebookNativeLogin.iOS", "FacebookNativeLogin\FacebookNativeLogin.iOS\FacebookNativeLogin.iOS.csproj", "{F9CBAD2F-8005-4B02-9242-D82C7A048639}"
EndProject
Global
	GlobalSection(SolutionConfigurationPlatforms) = preSolution
		Ad-Hoc|Any CPU = Ad-Hoc|Any CPU
		Ad-Hoc|iPhone = Ad-Hoc|iPhone
		Ad-Hoc|iPhoneSimulator = Ad-Hoc|iPhoneSimulator
		AppStore|Any CPU = AppStore|Any CPU
		AppStore|iPhone = AppStore|iPhone
		AppStore|iPhoneSimulator = AppStore|iPhoneSimulator
		Debug|Any CPU = Debug|Any CPU
		Debug|iPhone = Debug|iPhone
		Debug|iPhoneSimulator = Debug|iPhoneSimulator
		Release|Any CPU = Release|Any CPU
		Release|iPhone = Release|iPhone
		Release|iPhoneSimulator = Release|iPhoneSimulator
	EndGlobalSection
	GlobalSection(ProjectConfigurationPlatforms) = postSolution
		{E92DED61-E6B1-44B0-BD87-F40418716842}.Ad-Hoc|Any CPU.ActiveCfg = Release|Any CPU
		{E92DED61-E6B1-44B0-BD87-F40418716842}.Ad-Hoc|Any CPU.Build.0 = Release|Any CPU
		{E92DED61-E6B1-44B0-BD87-F40418716842}.Ad-Hoc|iPhone.ActiveCfg = Release|Any CPU
		{E92DED61-E6B1-44B0-BD87-F40418716842}.Ad-Hoc|iPhone.Build.0 = Release|Any CPU
		{E92DED61-E6B1-44B0-BD87-F40418716842}.Ad-Hoc|iPhoneSimulator.ActiveCfg = Release|Any CPU
		{E92DED61-E6B1-44B0-BD87-F40418716842}.Ad-Hoc|iPhoneSimulator.Build.0 = Release|Any CPU
		{E92DED61-E6B1-44B0-BD87-F40418716842}.AppStore|Any CPU.ActiveCfg = Release|Any CPU
		{E92DED61-E6B1-44B0-BD87-F40418716842}.AppStore|Any CPU.Build.0 = Release|Any CPU
		{E92DED61-E6B1-44B0-BD87-F40418716842}.AppStore|iPhone.ActiveCfg = Release|Any CPU
		{E92DED61-E6B1-44B0-BD87-F40418716842}.AppStore|iPhone.Build.0 = Release|Any CPU
		{E92DED61-E6B1-44B0-BD87-F40418716842}.AppStore|iPhoneSimulator.ActiveCfg = Release|Any CPU
		{E92DED61-E6B1-44B0-BD87-F40418716842}.AppStore|iPhoneSimulator.Build.0 = Release|Any CPU
		{E92DED61-E6B1-44B0-BD87-F40418716842}.Debug|Any CPU.ActiveCfg = Debug|Any CPU
		{E92DED61-E6B1-44B0-BD87-F40418716842}.Debug|Any CPU.Build.0 = Debug|Any CPU
		{E92DED61-E6B1-44B0-BD87-F40418716842}.Debug|iPhone.ActiveCfg = Debug|Any CPU
		{E92DED61-E6B1-44B0-BD87-F40418716842}.Debug|iPhone.Build.0 = Debug|Any CPU
		{E92DED61-E6B1-44B0-BD87-F40418716842}.Debug|iPhoneSimulator.ActiveCfg = Debug|Any CPU
		{E92DED61-E6B1-44B0-BD87-F40418716842}.Debug|iPhoneSimulator.Build.0 = Debug|Any CPU
		{E92DED61-E6B1-44B0-BD87-F40418716842}.Release|Any CPU.ActiveCfg = Release|Any CPU
		{E92DED61-E6B1-44B0-BD87-F40418716842}.Release|Any CPU.Build.0 = Release|Any CPU
		{E92DED61-E6B1-44B0-BD87-F40418716842}.Release|iPhone.ActiveCfg = Release|Any CPU
		{E92DED61-E6B1-44B0-BD87-F40418716842}.Release|iPhone.Build.0 = Release|Any CPU
		{E92DED61-E6B1-44B0-BD87-F40418716842}.Release|iPhoneSimulator.ActiveCfg = Release|Any CPU
		{E92DED61-E6B1-44B0-BD87-F40418716842}.Release|iPhoneSimulator.Build.0 = Release|Any CPU
		{1ECDCEE2-CC8A-4C46-A6B8-7D88F30483DF}.Ad-Hoc|Any CPU.ActiveCfg = Release|Any CPU
		{1ECDCEE2-CC8A-4C46-A6B8-7D88F30483DF}.Ad-Hoc|Any CPU.Build.0 = Release|Any CPU
		{1ECDCEE2-CC8A-4C46-A6B8-7D88F30483DF}.Ad-Hoc|Any CPU.Deploy.0 = Release|Any CPU
		{1ECDCEE2-CC8A-4C46-A6B8-7D88F30483DF}.Ad-Hoc|iPhone.ActiveCfg = Release|Any CPU
		{1ECDCEE2-CC8A-4C46-A6B8-7D88F30483DF}.Ad-Hoc|iPhone.Build.0 = Release|Any CPU
		{1ECDCEE2-CC8A-4C46-A6B8-7D88F30483DF}.Ad-Hoc|iPhone.Deploy.0 = Release|Any CPU
		{1ECDCEE2-CC8A-4C46-A6B8-7D88F30483DF}.Ad-Hoc|iPhoneSimulator.ActiveCfg = Release|Any CPU
		{1ECDCEE2-CC8A-4C46-A6B8-7D88F30483DF}.Ad-Hoc|iPhoneSimulator.Build.0 = Release|Any CPU
		{1ECDCEE2-CC8A-4C46-A6B8-7D88F30483DF}.Ad-Hoc|iPhoneSimulator.Deploy.0 = Release|Any CPU
		{1ECDCEE2-CC8A-4C46-A6B8-7D88F30483DF}.AppStore|Any CPU.ActiveCfg = Release|Any CPU
		{1ECDCEE2-CC8A-4C46-A6B8-7D88F30483DF}.AppStore|Any CPU.Build.0 = Release|Any CPU
		{1ECDCEE2-CC8A-4C46-A6B8-7D88F30483DF}.AppStore|Any CPU.Deploy.0 = Release|Any CPU
		{1ECDCEE2-CC8A-4C46-A6B8-7D88F30483DF}.AppStore|iPhone.ActiveCfg = Release|Any CPU
		{1ECDCEE2-CC8A-4C46-A6B8-7D88F30483DF}.AppStore|iPhone.Build.0 = Release|Any CPU
		{1ECDCEE2-CC8A-4C46-A6B8-7D88F30483DF}.AppStore|iPhone.Deploy.0 = Release|Any CPU
		{1ECDCEE2-CC8A-4C46-A6B8-7D88F30483DF}.AppStore|iPhoneSimulator.ActiveCfg = Release|Any CPU
		{1ECDCEE2-CC8A-4C46-A6B8-7D88F30483DF}.AppStore|iPhoneSimulator.Build.0 = Release|Any CPU
		{1ECDCEE2-CC8A-4C46-A6B8-7D88F30483DF}.AppStore|iPhoneSimulator.Deploy.0 = Release|Any CPU
		{1ECDCEE2-CC8A-4C46-A6B8-7D88F30483DF}.Debug|Any CPU.ActiveCfg = Debug|Any CPU
		{1ECDCEE2-CC8A-4C46-A6B8-7D88F30483DF}.Debug|Any CPU.Build.0 = Debug|Any CPU
		{1ECDCEE2-CC8A-4C46-A6B8-7D88F30483DF}.Debug|Any CPU.Deploy.0 = Debug|Any CPU
		{1ECDCEE2-CC8A-4C46-A6B8-7D88F30483DF}.Debug|iPhone.ActiveCfg = Debug|Any CPU
		{1ECDCEE2-CC8A-4C46-A6B8-7D88F30483DF}.Debug|iPhone.Build.0 = Debug|Any CPU
		{1ECDCEE2-CC8A-4C46-A6B8-7D88F30483DF}.Debug|iPhone.Deploy.0 = Debug|Any CPU
		{1ECDCEE2-CC8A-4C46-A6B8-7D88F30483DF}.Debug|iPhoneSimulator.ActiveCfg = Debug|Any CPU
		{1ECDCEE2-CC8A-4C46-A6B8-7D88F30483DF}.Debug|iPhoneSimulator.Build.0 = Debug|Any CPU
		{1ECDCEE2-CC8A-4C46-A6B8-7D88F30483DF}.Debug|iPhoneSimulator.Deploy.0 = Debug|Any CPU
		{1ECDCEE2-CC8A-4C46-A6B8-7D88F30483DF}.Release|Any CPU.ActiveCfg = Release|Any CPU
		{1ECDCEE2-CC8A-4C46-A6B8-7D88F30483DF}.Release|Any CPU.Build.0 = Release|Any CPU
		{1ECDCEE2-CC8A-4C46-A6B8-7D88F30483DF}.Release|Any CPU.Deploy.0 = Release|Any CPU
		{1ECDCEE2-CC8A-4C46-A6B8-7D88F30483DF}.Release|iPhone.ActiveCfg = Release|Any CPU
		{1ECDCEE2-CC8A-4C46-A6B8-7D88F30483DF}.Release|iPhone.Build.0 = Release|Any CPU
		{1ECDCEE2-CC8A-4C46-A6B8-7D88F30483DF}.Release|iPhone.Deploy.0 = Release|Any CPU
		{1ECDCEE2-CC8A-4C46-A6B8-7D88F30483DF}.Release|iPhoneSimulator.ActiveCfg = Release|Any CPU
		{1ECDCEE2-CC8A-4C46-A6B8-7D88F30483DF}.Release|iPhoneSimulator.Build.0 = Release|Any CPU
		{1ECDCEE2-CC8A-4C46-A6B8-7D88F30483DF}.Release|iPhoneSimulator.Deploy.0 = Release|Any CPU
		{F9CBAD2F-8005-4B02-9242-D82C7A048639}.Ad-Hoc|Any CPU.ActiveCfg = Ad-Hoc|iPhone
		{F9CBAD2F-8005-4B02-9242-D82C7A048639}.Ad-Hoc|iPhone.ActiveCfg = Ad-Hoc|iPhone
		{F9CBAD2F-8005-4B02-9242-D82C7A048639}.Ad-Hoc|iPhone.Build.0 = Ad-Hoc|iPhone
		{F9CBAD2F-8005-4B02-9242-D82C7A048639}.Ad-Hoc|iPhoneSimulator.ActiveCfg = Ad-Hoc|iPhoneSimulator
		{F9CBAD2F-8005-4B02-9242-D82C7A048639}.Ad-Hoc|iPhoneSimulator.Build.0 = Ad-Hoc|iPhoneSimulator
		{F9CBAD2F-8005-4B02-9242-D82C7A048639}.AppStore|Any CPU.ActiveCfg = AppStore|iPhone
		{F9CBAD2F-8005-4B02-9242-D82C7A048639}.AppStore|iPhone.ActiveCfg = AppStore|iPhone
		{F9CBAD2F-8005-4B02-9242-D82C7A048639}.AppStore|iPhone.Build.0 = AppStore|iPhone
		{F9CBAD2F-8005-4B02-9242-D82C7A048639}.AppStore|iPhoneSimulator.ActiveCfg = AppStore|iPhoneSimulator
		{F9CBAD2F-8005-4B02-9242-D82C7A048639}.AppStore|iPhoneSimulator.Build.0 = AppStore|iPhoneSimulator
		{F9CBAD2F-8005-4B02-9242-D82C7A048639}.Debug|Any CPU.ActiveCfg = Debug|iPhone
		{F9CBAD2F-8005-4B02-9242-D82C7A048639}.Debug|iPhone.ActiveCfg = Debug|iPhone
		{F9CBAD2F-8005-4B02-9242-D82C7A048639}.Debug|iPhone.Build.0 = Debug|iPhone
		{F9CBAD2F-8005-4B02-9242-D82C7A048639}.Debug|iPhoneSimulator.ActiveCfg = Debug|iPhoneSimulator
		{F9CBAD2F-8005-4B02-9242-D82C7A048639}.Debug|iPhoneSimulator.Build.0 = Debug|iPhoneSimulator
		{F9CBAD2F-8005-4B02-9242-D82C7A048639}.Release|Any CPU.ActiveCfg = Release|iPhone
		{F9CBAD2F-8005-4B02-9242-D82C7A048639}.Release|iPhone.ActiveCfg = Release|iPhone
		{F9CBAD2F-8005-4B02-9242-D82C7A048639}.Release|iPhone.Build.0 = Release|iPhone
		{F9CBAD2F-8005-4B02-9242-D82C7A048639}.Release|iPhoneSimulator.ActiveCfg = Release|iPhoneSimulator
		{F9CBAD2F-8005-4B02-9242-D82C7A048639}.Release|iPhoneSimulator.Build.0 = Release|iPhoneSimulator
	EndGlobalSection
	GlobalSection(SolutionProperties) = preSolution
		HideSolutionNode = FALSE
	EndGlobalSection
	GlobalSection(ExtensibilityGlobals) = postSolution
		SolutionGuid = {73F345F2-E57D-4492-8BE1-DDC98B826596}
	EndGlobalSection
EndGlobal
